// !$*UTF8*$!
{
	archiveVersion = 1;
	classes = {
	};
	objectVersion = 50;
	objects = {

/* Begin PBXBuildFile section */
		BFA47F2F24D2ED38001C814B /* main.cpp in Sources */ = {isa = PBXBuildFile; fileRef = BFA47F2E24D2ED38001C814B /* main.cpp */; };
		BFA47F3724D2ED5C001C814B /* portrait_segmenter.cpp in Sources */ = {isa = PBXBuildFile; fileRef = BFA47F3524D2ED5C001C814B /* portrait_segmenter.cpp */; };
		BFA47F3A24D2EFE0001C814B /* libMNN.dylib in Frameworks */ = {isa = PBXBuildFile; fileRef = BFA47F3924D2EFE0001C814B /* libMNN.dylib */; };
		BFA47F3F24D2F039001C814B /* libopencv_core.3.4.8.dylib in Frameworks */ = {isa = PBXBuildFile; fileRef = BFA47F3B24D2F038001C814B /* libopencv_core.3.4.8.dylib */; };
		BFA47F4024D2F039001C814B /* libopencv_highgui.3.4.8.dylib in Frameworks */ = {isa = PBXBuildFile; fileRef = BFA47F3C24D2F038001C814B /* libopencv_highgui.3.4.8.dylib */; };
		BFA47F4124D2F039001C814B /* libopencv_imgproc.3.4.8.dylib in Frameworks */ = {isa = PBXBuildFile; fileRef = BFA47F3D24D2F039001C814B /* libopencv_imgproc.3.4.8.dylib */; };
		BFA47F4224D2F039001C814B /* libopencv_imgcodecs.3.4.8.dylib in Frameworks */ = {isa = PBXBuildFile; fileRef = BFA47F3E24D2F039001C814B /* libopencv_imgcodecs.3.4.8.dylib */; };
		BFA47F4424D2F064001C814B /* libMNN.dylib in Embed Libraries */ = {isa = PBXBuildFile; fileRef = BFA47F3924D2EFE0001C814B /* libMNN.dylib */; settings = {ATTRIBUTES = (CodeSignOnCopy, ); }; };
		BFA47F4824D2F130001C814B /* libopencv_video.3.4.8.dylib in Frameworks */ = {isa = PBXBuildFile; fileRef = BFA47F4724D2F130001C814B /* libopencv_video.3.4.8.dylib */; };
		BFA47F4C24D2F19C001C814B /* libopencv_videoio.3.4.8.dylib in Frameworks */ = {isa = PBXBuildFile; fileRef = BFA47F4B24D2F19C001C814B /* libopencv_videoio.3.4.8.dylib */; };
/* End PBXBuildFile section */

/* Begin PBXCopyFilesBuildPhase section */
		BFA47F2924D2ED38001C814B /* CopyFiles */ = {
			isa = PBXCopyFilesBuildPhase;
			buildActionMask = 2147483647;
			dstPath = /usr/share/man/man1/;
			dstSubfolderSpec = 0;
			files = (
			);
			runOnlyForDeploymentPostprocessing = 1;
		};
		BFA47F4524D2F064001C814B /* Embed Libraries */ = {
			isa = PBXCopyFilesBuildPhase;
			buildActionMask = 2147483647;
			dstPath = "";
			dstSubfolderSpec = 10;
			files = (
				BFA47F4424D2F064001C814B /* libMNN.dylib in Embed Libraries */,
			);
			name = "Embed Libraries";
			runOnlyForDeploymentPostprocessing = 0;
		};
/* End PBXCopyFilesBuildPhase section */

/* Begin PBXFileReference section */
		BFA47F2B24D2ED38001C814B /* Fast_Portrait_Matting_MNN_OSX */ = {isa = PBXFileReference; explicitFileType = "compiled.mach-o.executable"; includeInIndex = 0; path = Fast_Portrait_Matting_MNN_OSX; sourceTree = BUILT_PRODUCTS_DIR; };
		BFA47F2E24D2ED38001C814B /* main.cpp */ = {isa = PBXFileReference; lastKnownFileType = sourcecode.cpp.cpp; path = main.cpp; sourceTree = "<group>"; };
		BFA47F3524D2ED5C001C814B /* portrait_segmenter.cpp */ = {isa = PBXFileReference; lastKnownFileType = sourcecode.cpp.cpp; path = portrait_segmenter.cpp; sourceTree = "<group>"; };
		BFA47F3624D2ED5C001C814B /* portrait_segmenter.hpp */ = {isa = PBXFileReference; lastKnownFileType = sourcecode.cpp.h; path = portrait_segmenter.hpp; sourceTree = "<group>"; };
		BFA47F3924D2EFE0001C814B /* libMNN.dylib */ = {isa = PBXFileReference; lastKnownFileType = "compiled.mach-o.dylib"; path = libMNN.dylib; sourceTree = "<group>"; };
		BFA47F3B24D2F038001C814B /* libopencv_core.3.4.8.dylib */ = {isa = PBXFileReference; lastKnownFileType = "compiled.mach-o.dylib"; path = libopencv_core.3.4.8.dylib; sourceTree = "<group>"; };
		BFA47F3C24D2F038001C814B /* libopencv_highgui.3.4.8.dylib */ = {isa = PBXFileReference; lastKnownFileType = "compiled.mach-o.dylib"; path = libopencv_highgui.3.4.8.dylib; sourceTree = "<group>"; };
		BFA47F3D24D2F039001C814B /* libopencv_imgproc.3.4.8.dylib */ = {isa = PBXFileReference; lastKnownFileType = "compiled.mach-o.dylib"; path = libopencv_imgproc.3.4.8.dylib; sourceTree = "<group>"; };
		BFA47F3E24D2F039001C814B /* libopencv_imgcodecs.3.4.8.dylib */ = {isa = PBXFileReference; lastKnownFileType = "compiled.mach-o.dylib"; path = libopencv_imgcodecs.3.4.8.dylib; sourceTree = "<group>"; };
		BFA47F4324D2F056001C814B /* Info.plist */ = {isa = PBXFileReference; fileEncoding = 4; lastKnownFileType = text.plist.xml; path = Info.plist; sourceTree = "<group>"; };
		BFA47F4624D2F07F001C814B /* Fast_Portrait_Matting_MNN_OSX.entitlements */ = {isa = PBXFileReference; lastKnownFileType = text.plist.entitlements; path = Fast_Portrait_Matting_MNN_OSX.entitlements; sourceTree = "<group>"; };
		BFA47F4724D2F130001C814B /* libopencv_video.3.4.8.dylib */ = {isa = PBXFileReference; lastKnownFileType = "compiled.mach-o.dylib"; path = libopencv_video.3.4.8.dylib; sourceTree = "<group>"; };
		BFA47F4B24D2F19C001C814B /* libopencv_videoio.3.4.8.dylib */ = {isa = PBXFileReference; lastKnownFileType = "compiled.mach-o.dylib"; path = libopencv_videoio.3.4.8.dylib; sourceTree = "<group>"; };
/* End PBXFileReference section */

/* Begin PBXFrameworksBuildPhase section */
		BFA47F2824D2ED38001C814B /* Frameworks */ = {
			isa = PBXFrameworksBuildPhase;
			buildActionMask = 2147483647;
			files = (
				BFA47F3A24D2EFE0001C814B /* libMNN.dylib in Frameworks */,
				BFA47F4024D2F039001C814B /* libopencv_highgui.3.4.8.dylib in Frameworks */,
				BFA47F4824D2F130001C814B /* libopencv_video.3.4.8.dylib in Frameworks */,
				BFA47F4224D2F039001C814B /* libopencv_imgcodecs.3.4.8.dylib in Frameworks */,
				BFA47F4C24D2F19C001C814B /* libopencv_videoio.3.4.8.dylib in Frameworks */,
				BFA47F4124D2F039001C814B /* libopencv_imgproc.3.4.8.dylib in Frameworks */,
				BFA47F3F24D2F039001C814B /* libopencv_core.3.4.8.dylib in Frameworks */,
			);
			runOnlyForDeploymentPostprocessing = 0;
		};
/* End PBXFrameworksBuildPhase section */

/* Begin PBXGroup section */
		BFA47F2224D2ED38001C814B = {
			isa = PBXGroup;
			children = (
				BFA47F4324D2F056001C814B /* Info.plist */,
				BFA47F3824D2EFC7001C814B /* Libs */,
				BFA47F2D24D2ED38001C814B /* Fast_Portrait_Matting_MNN_OSX */,
				BFA47F2C24D2ED38001C814B /* Products */,
			);
			sourceTree = "<group>";
		};
		BFA47F2C24D2ED38001C814B /* Products */ = {
			isa = PBXGroup;
			children = (
				BFA47F2B24D2ED38001C814B /* Fast_Portrait_Matting_MNN_OSX */,
			);
			name = Products;
			sourceTree = "<group>";
		};
		BFA47F2D24D2ED38001C814B /* Fast_Portrait_Matting_MNN_OSX */ = {
			isa = PBXGroup;
			children = (
				BFA47F4624D2F07F001C814B /* Fast_Portrait_Matting_MNN_OSX.entitlements */,
				BFA47F2E24D2ED38001C814B /* main.cpp */,
				BFA47F3524D2ED5C001C814B /* portrait_segmenter.cpp */,
				BFA47F3624D2ED5C001C814B /* portrait_segmenter.hpp */,
			);
			path = Fast_Portrait_Matting_MNN_OSX;
			sourceTree = "<group>";
		};
		BFA47F3824D2EFC7001C814B /* Libs */ = {
			isa = PBXGroup;
			children = (
				BFA47F4B24D2F19C001C814B /* libopencv_videoio.3.4.8.dylib */,
				BFA47F4724D2F130001C814B /* libopencv_video.3.4.8.dylib */,
				BFA47F3B24D2F038001C814B /* libopencv_core.3.4.8.dylib */,
				BFA47F3C24D2F038001C814B /* libopencv_highgui.3.4.8.dylib */,
				BFA47F3E24D2F039001C814B /* libopencv_imgcodecs.3.4.8.dylib */,
				BFA47F3D24D2F039001C814B /* libopencv_imgproc.3.4.8.dylib */,
				BFA47F3924D2EFE0001C814B /* libMNN.dylib */,
			);
			path = Libs;
			sourceTree = "<group>";
		};
/* End PBXGroup section */

/* Begin PBXNativeTarget section */
		BFA47F2A24D2ED38001C814B /* Fast_Portrait_Matting_MNN_OSX */ = {
			isa = PBXNativeTarget;
			buildConfigurationList = BFA47F3224D2ED38001C814B /* Build configuration list for PBXNativeTarget "Fast_Portrait_Matting_MNN_OSX" */;
			buildPhases = (
				BFA47F2724D2ED38001C814B /* Sources */,
				BFA47F2824D2ED38001C814B /* Frameworks */,
				BFA47F2924D2ED38001C814B /* CopyFiles */,
				BFA47F4524D2F064001C814B /* Embed Libraries */,
			);
			buildRules = (
			);
			dependencies = (
			);
			name = Fast_Portrait_Matting_MNN_OSX;
			productName = Fast_Portrait_Matting_MNN_OSX;
			productReference = BFA47F2B24D2ED38001C814B /* Fast_Portrait_Matting_MNN_OSX */;
			productType = "com.apple.product-type.tool";
		};
/* End PBXNativeTarget section */

/* Begin PBXProject section */
		BFA47F2324D2ED38001C814B /* Project object */ = {
			isa = PBXProject;
			attributes = {
				LastUpgradeCheck = 1130;
				ORGANIZATIONNAME = idealabs;
				TargetAttributes = {
					BFA47F2A24D2ED38001C814B = {
						CreatedOnToolsVersion = 11.3.1;
					};
				};
			};
			buildConfigurationList = BFA47F2624D2ED38001C814B /* Build configuration list for PBXProject "Fast_Portrait_Matting_MNN_OSX" */;
			compatibilityVersion = "Xcode 9.3";
			developmentRegion = en;
			hasScannedForEncodings = 0;
			knownRegions = (
				en,
				Base,
			);
			mainGroup = BFA47F2224D2ED38001C814B;
			productRefGroup = BFA47F2C24D2ED38001C814B /* Products */;
			projectDirPath = "";
			projectRoot = "";
			targets = (
				BFA47F2A24D2ED38001C814B /* Fast_Portrait_Matting_MNN_OSX */,
			);
		};
/* End PBXProject section */

/* Begin PBXSourcesBuildPhase section */
		BFA47F2724D2ED38001C814B /* Sources */ = {
			isa = PBXSourcesBuildPhase;
			buildActionMask = 2147483647;
			files = (
				BFA47F2F24D2ED38001C814B /* main.cpp in Sources */,
				BFA47F3724D2ED5C001C814B /* portrait_segmenter.cpp in Sources */,
			);
			runOnlyForDeploymentPostprocessing = 0;
		};
/* End PBXSourcesBuildPhase section */

/* Begin XCBuildConfiguration section */
		BFA47F3024D2ED38001C814B /* Debug */ = {
			isa = XCBuildConfiguration;
			buildSettings = {
				ALWAYS_SEARCH_USER_PATHS = NO;
				CLANG_ANALYZER_NONNULL = YES;
				CLANG_ANALYZER_NUMBER_OBJECT_CONVERSION = YES_AGGRESSIVE;
				CLANG_CXX_LANGUAGE_STANDARD = "gnu++14";
				CLANG_CXX_LIBRARY = "libc++";
				CLANG_ENABLE_MODULES = YES;
				CLANG_ENABLE_OBJC_ARC = YES;
				CLANG_ENABLE_OBJC_WEAK = YES;
				CLANG_WARN_BLOCK_CAPTURE_AUTORELEASING = YES;
				CLANG_WARN_BOOL_CONVERSION = YES;
				CLANG_WARN_COMMA = YES;
				CLANG_WARN_CONSTANT_CONVERSION = YES;
				CLANG_WARN_DEPRECATED_OBJC_IMPLEMENTATIONS = YES;
				CLANG_WARN_DIRECT_OBJC_ISA_USAGE = YES_ERROR;
				CLANG_WARN_DOCUMENTATION_COMMENTS = YES;
				CLANG_WARN_EMPTY_BODY = YES;
				CLANG_WARN_ENUM_CONVERSION = YES;
				CLANG_WARN_INFINITE_RECURSION = YES;
				CLANG_WARN_INT_CONVERSION = YES;
				CLANG_WARN_NON_LITERAL_NULL_CONVERSION = YES;
				CLANG_WARN_OBJC_IMPLICIT_RETAIN_SELF = YES;
				CLANG_WARN_OBJC_LITERAL_CONVERSION = YES;
				CLANG_WARN_OBJC_ROOT_CLASS = YES_ERROR;
				CLANG_WARN_RANGE_LOOP_ANALYSIS = YES;
				CLANG_WARN_STRICT_PROTOTYPES = YES;
				CLANG_WARN_SUSPICIOUS_MOVE = YES;
				CLANG_WARN_UNGUARDED_AVAILABILITY = YES_AGGRESSIVE;
				CLANG_WARN_UNREACHABLE_CODE = YES;
				CLANG_WARN__DUPLICATE_METHOD_MATCH = YES;
				COPY_PHASE_STRIP = NO;
				DEBUG_INFORMATION_FORMAT = dwarf;
				ENABLE_STRICT_OBJC_MSGSEND = YES;
				ENABLE_TESTABILITY = YES;
				GCC_C_LANGUAGE_STANDARD = gnu11;
				GCC_DYNAMIC_NO_PIC = NO;
				GCC_NO_COMMON_BLOCKS = YES;
				GCC_OPTIMIZATION_LEVEL = 0;
				GCC_PREPROCESSOR_DEFINITIONS = (
					"DEBUG=1",
					"$(inherited)",
				);
				GCC_WARN_64_TO_32_BIT_CONVERSION = YES;
				GCC_WARN_ABOUT_RETURN_TYPE = YES_ERROR;
				GCC_WARN_UNDECLARED_SELECTOR = YES;
				GCC_WARN_UNINITIALIZED_AUTOS = YES_AGGRESSIVE;
				GCC_WARN_UNUSED_FUNCTION = YES;
				GCC_WARN_UNUSED_VARIABLE = YES;
				MACOSX_DEPLOYMENT_TARGET = 10.15;
				MTL_ENABLE_DEBUG_INFO = INCLUDE_SOURCE;
				MTL_FAST_MATH = YES;
				ONLY_ACTIVE_ARCH = YES;
				SDKROOT = macosx;
			};
			name = Debug;
		};
		BFA47F3124D2ED38001C814B /* Release */ = {
			isa = XCBuildConfiguration;
			buildSettings = {
				ALWAYS_SEARCH_USER_PATHS = NO;
				CLANG_ANALYZER_NONNULL = YES;
				CLANG_ANALYZER_NUMBER_OBJECT_CONVERSION = YES_AGGRESSIVE;
				CLANG_CXX_LANGUAGE_STANDARD = "gnu++14";
				CLANG_CXX_LIBRARY = "libc++";
				CLANG_ENABLE_MODULES = YES;
				CLANG_ENABLE_OBJC_ARC = YES;
				CLANG_ENABLE_OBJC_WEAK = YES;
				CLANG_WARN_BLOCK_CAPTURE_AUTORELEASING = YES;
				CLANG_WARN_BOOL_CONVERSION = YES;
				CLANG_WARN_COMMA = YES;
				CLANG_WARN_CONSTANT_CONVERSION = YES;
				CLANG_WARN_DEPRECATED_OBJC_IMPLEMENTATIONS = YES;
				CLANG_WARN_DIRECT_OBJC_ISA_USAGE = YES_ERROR;
				CLANG_WARN_DOCUMENTATION_COMMENTS = YES;
				CLANG_WARN_EMPTY_BODY = YES;
				CLANG_WARN_ENUM_CONVERSION = YES;
				CLANG_WARN_INFINITE_RECURSION = YES;
				CLANG_WARN_INT_CONVERSION = YES;
				CLANG_WARN_NON_LITERAL_NULL_CONVERSION = YES;
				CLANG_WARN_OBJC_IMPLICIT_RETAIN_SELF = YES;
				CLANG_WARN_OBJC_LITERAL_CONVERSION = YES;
				CLANG_WARN_OBJC_ROOT_CLASS = YES_ERROR;
				CLANG_WARN_RANGE_LOOP_ANALYSIS = YES;
				CLANG_WARN_STRICT_PROTOTYPES = YES;
				CLANG_WARN_SUSPICIOUS_MOVE = YES;
				CLANG_WARN_UNGUARDED_AVAILABILITY = YES_AGGRESSIVE;
				CLANG_WARN_UNREACHABLE_CODE = YES;
				CLANG_WARN__DUPLICATE_METHOD_MATCH = YES;
				COPY_PHASE_STRIP = NO;
				DEBUG_INFORMATION_FORMAT = "dwarf-with-dsym";
				ENABLE_NS_ASSERTIONS = NO;
				ENABLE_STRICT_OBJC_MSGSEND = YES;
				GCC_C_LANGUAGE_STANDARD = gnu11;
				GCC_NO_COMMON_BLOCKS = YES;
				GCC_WARN_64_TO_32_BIT_CONVERSION = YES;
				GCC_WARN_ABOUT_RETURN_TYPE = YES_ERROR;
				GCC_WARN_UNDECLARED_SELECTOR = YES;
				GCC_WARN_UNINITIALIZED_AUTOS = YES_AGGRESSIVE;
				GCC_WARN_UNUSED_FUNCTION = YES;
				GCC_WARN_UNUSED_VARIABLE = YES;
				MACOSX_DEPLOYMENT_TARGET = 10.15;
				MTL_ENABLE_DEBUG_INFO = NO;
				MTL_FAST_MATH = YES;
				SDKROOT = macosx;
			};
			name = Release;
		};
		BFA47F3324D2ED38001C814B /* Debug */ = {
			isa = XCBuildConfiguration;
			buildSettings = {
				CODE_SIGN_ENTITLEMENTS = Fast_Portrait_Matting_MNN_OSX/Fast_Portrait_Matting_MNN_OSX.entitlements;
				CODE_SIGN_STYLE = Automatic;
				DEVELOPMENT_TEAM = WUNJD37RX7;
				ENABLE_HARDENED_RUNTIME = YES;
				HEADER_SEARCH_PATHS = (
					/Users/vincent/Libs/MNN/include,
					/usr/local/include,
				);
				INFOPLIST_FILE = "$(SRCROOT)/Info.plist";
				LIBRARY_SEARCH_PATHS = (
					"$(inherited)",
					"$(PROJECT_DIR)/Libs",
				);
				PRODUCT_NAME = "$(TARGET_NAME)";
			};
			name = Debug;
		};
		BFA47F3424D2ED38001C814B /* Release */ = {
			isa = XCBuildConfiguration;
			buildSettings = {
				CODE_SIGN_ENTITLEMENTS = Fast_Portrait_Matting_MNN_OSX/Fast_Portrait_Matting_MNN_OSX.entitlements;
				CODE_SIGN_STYLE = Automatic;
				DEVELOPMENT_TEAM = WUNJD37RX7;
				ENABLE_HARDENED_RUNTIME = YES;
				HEADER_SEARCH_PATHS = (
					/Users/vincent/Libs/MNN/include,
					/usr/local/include,
				);
				INFOPLIST_FILE = "$(SRCROOT)/Info.plist";
				LIBRARY_SEARCH_PATHS = (
					"$(inherited)",
					"$(PROJECT_DIR)/Libs",
				);
				PRODUCT_NAME = "$(TARGET_NAME)";
			};
			name = Release;
		};
/* End XCBuildConfiguration section */

/* Begin XCConfigurationList section */
		BFA47F2624D2ED38001C814B /* Build configuration list for PBXProject "Fast_Portrait_Matting_MNN_OSX" */ = {
			isa = XCConfigurationList;
			buildConfigurations = (
				BFA47F3024D2ED38001C814B /* Debug */,
				BFA47F3124D2ED38001C814B /* Release */,
			);
			defaultConfigurationIsVisible = 0;
			defaultConfigurationName = Release;
		};
		BFA47F3224D2ED38001C814B /* Build configuration list for PBXNativeTarget "Fast_Portrait_Matting_MNN_OSX" */ = {
			isa = XCConfigurationList;
			buildConfigurations = (
				BFA47F3324D2ED38001C814B /* Debug */,
				BFA47F3424D2ED38001C814B /* Release */,
			);
			defaultConfigurationIsVisible = 0;
			defaultConfigurationName = Release;
		};
/* End XCConfigurationList section */
	};
	rootObject = BFA47F2324D2ED38001C814B /* Project object */;
}
